{
  "name": "smart-inventory-system",
  "version": "0.0.1",
  "lockfileVersion": 3,
  "requires": true,
  "packages": {
    "": {
      "name": "smart-inventory-system",
      "version": "0.0.1",
      "workspaces": [
        "client",
        "server"
      ],
      "engines": {
        "node": ">=20.0.0",
        "npm": ">=10.0.0"
      }
    },
    "client": {
      "name": "@sims/client",
      "version": "0.0.1"
    },
    "node_modules/@sims/client": {
      "resolved": "client",
      "link": true
    },
    "node_modules/@sims/server": {
      "resolved": "server",
      "link": true
    },
    "server": {
      "name": "@sims/server",
      "version": "0.0.1"
    }
  }
}
